// !$*UTF8*$!
{
	archiveVersion = 1;
	classes = {
	};
	objectVersion = 50;
	objects = {

/* Begin PBXBuildFile section */
		110D318724FB8A4F00F1CD68 /* HomeTableViewTests.swift in Sources */ = {isa = PBXBuildFile; fileRef = 110D318624FB8A4F00F1CD68 /* HomeTableViewTests.swift */; };
		110D318C24FB947500F1CD68 /* AppDelegateTests.swift in Sources */ = {isa = PBXBuildFile; fileRef = 110D318B24FB947500F1CD68 /* AppDelegateTests.swift */; };
		110D318F24FBAA8900F1CD68 /* NetworkLayer.swift in Sources */ = {isa = PBXBuildFile; fileRef = 110D318E24FBAA8900F1CD68 /* NetworkLayer.swift */; };
		110D319224FBB4C600F1CD68 /* NetworkLayerTests.swift in Sources */ = {isa = PBXBuildFile; fileRef = 110D319124FBB4C600F1CD68 /* NetworkLayerTests.swift */; };
		110D319424FBC0FC00F1CD68 /* FakeURLProtocol.swift in Sources */ = {isa = PBXBuildFile; fileRef = 110D319324FBC0FC00F1CD68 /* FakeURLProtocol.swift */; };
		110D319824FBC12C00F1CD68 /* FakeNetworkResponses.swift in Sources */ = {isa = PBXBuildFile; fileRef = 110D319724FBC12C00F1CD68 /* FakeNetworkResponses.swift */; };
		11202940254F4C21002978A5 /* TabBarCoordinatorTests.swift in Sources */ = {isa = PBXBuildFile; fileRef = 1120293F254F4C21002978A5 /* TabBarCoordinatorTests.swift */; };
		1139ED53254EE83A000093AE /* SplashCoordinator.swift in Sources */ = {isa = PBXBuildFile; fileRef = 1139ED52254EE83A000093AE /* SplashCoordinator.swift */; };
		1139ED5C254F3283000093AE /* TabBarController.swift in Sources */ = {isa = PBXBuildFile; fileRef = 1139ED5B254F3283000093AE /* TabBarController.swift */; };
		1139ED62254F32AA000093AE /* TabBarCoordinator.swift in Sources */ = {isa = PBXBuildFile; fileRef = 1139ED61254F32AA000093AE /* TabBarCoordinator.swift */; };
		1156ABD824F046C800BBD53A /* Localizable.strings in Resources */ = {isa = PBXBuildFile; fileRef = 1156ABDA24F046C800BBD53A /* Localizable.strings */; };
		1156ABDD24F047A700BBD53A /* StringExtension.swift in Sources */ = {isa = PBXBuildFile; fileRef = 1156ABDC24F047A700BBD53A /* StringExtension.swift */; };
		1156ABE024F0553F00BBD53A /* StringExtensionTest.swift in Sources */ = {isa = PBXBuildFile; fileRef = 1156ABDF24F0553F00BBD53A /* StringExtensionTest.swift */; };
		115E379F254F33D900D9F13B /* HomeCoordinator.swift in Sources */ = {isa = PBXBuildFile; fileRef = 115E379E254F33D900D9F13B /* HomeCoordinator.swift */; };
		117DE0F3251E34E800C3729D /* MarvelViewController.swift in Sources */ = {isa = PBXBuildFile; fileRef = 117DE0F1251E34E800C3729D /* MarvelViewController.swift */; };
		117DE0F4251E34E800C3729D /* MarvelViewController.xib in Resources */ = {isa = PBXBuildFile; fileRef = 117DE0F2251E34E800C3729D /* MarvelViewController.xib */; };
		117DE0F8251E355300C3729D /* MarvelViewModel.swift in Sources */ = {isa = PBXBuildFile; fileRef = 117DE0F7251E355300C3729D /* MarvelViewModel.swift */; };
		117DE0FC251E357500C3729D /* MarvelModuleProtocols.swift in Sources */ = {isa = PBXBuildFile; fileRef = 117DE0FB251E357500C3729D /* MarvelModuleProtocols.swift */; };
		117DE102251E3F8400C3729D /* MarvelModel.swift in Sources */ = {isa = PBXBuildFile; fileRef = 117DE101251E3F8400C3729D /* MarvelModel.swift */; };
		117DE93A254F3BB2003B04A1 /* SplashViewController.xib in Resources */ = {isa = PBXBuildFile; fileRef = 117DE939254F3BB2003B04A1 /* SplashViewController.xib */; };
		117DE951254F403D003B04A1 /* MarvelCoordinator.swift in Sources */ = {isa = PBXBuildFile; fileRef = 117DE950254F403D003B04A1 /* MarvelCoordinator.swift */; };
		117DE95A254F4550003B04A1 /* MockMarvelCoordinator.swift in Sources */ = {isa = PBXBuildFile; fileRef = 117DE959254F4550003B04A1 /* MockMarvelCoordinator.swift */; };
		117DE961254F45F3003B04A1 /* MockHomeCoordinator.swift in Sources */ = {isa = PBXBuildFile; fileRef = 117DE960254F45F3003B04A1 /* MockHomeCoordinator.swift */; };
		117DE96C254F4700003B04A1 /* MockSplashCoordinator.swift in Sources */ = {isa = PBXBuildFile; fileRef = 117DE96B254F4700003B04A1 /* MockSplashCoordinator.swift */; };
		118A0BF825BDDED50024E3AF /* CharacterFinderUI.swift in Sources */ = {isa = PBXBuildFile; fileRef = 118A0BF725BDDED50024E3AF /* CharacterFinderUI.swift */; };
		1194E7F32544732B000AC056 /* MarvelTableDataSource.swift in Sources */ = {isa = PBXBuildFile; fileRef = 1194E7F22544732B000AC056 /* MarvelTableDataSource.swift */; };
		1194E7F725447339000AC056 /* MarvelTableDelegate.swift in Sources */ = {isa = PBXBuildFile; fileRef = 1194E7F625447339000AC056 /* MarvelTableDelegate.swift */; };
		1194E7FB25447393000AC056 /* MarvelTableConfigurator.swift in Sources */ = {isa = PBXBuildFile; fileRef = 1194E7FA25447393000AC056 /* MarvelTableConfigurator.swift */; };
		1194E7FF254477FC000AC056 /* HomeTableConfigurator.swift in Sources */ = {isa = PBXBuildFile; fileRef = 1194E7FE254477FC000AC056 /* HomeTableConfigurator.swift */; };
		1194E81825448A10000AC056 /* MarvelTableViewCell.swift in Sources */ = {isa = PBXBuildFile; fileRef = 1194E81625448A10000AC056 /* MarvelTableViewCell.swift */; };
		1194E81925448A10000AC056 /* MarvelTableViewCell.xib in Resources */ = {isa = PBXBuildFile; fileRef = 1194E81725448A10000AC056 /* MarvelTableViewCell.xib */; };
		119501E52530BEB7008EB28A /* ImageAsset.swift in Sources */ = {isa = PBXBuildFile; fileRef = 119501E42530BEB7008EB28A /* ImageAsset.swift */; };
		11A533D324C206D200528DAA /* AppDelegate.swift in Sources */ = {isa = PBXBuildFile; fileRef = 11A533D224C206D200528DAA /* AppDelegate.swift */; };
		11A533D524C206D200528DAA /* SceneDelegate.swift in Sources */ = {isa = PBXBuildFile; fileRef = 11A533D424C206D200528DAA /* SceneDelegate.swift */; };
		11A533DC24C206D400528DAA /* Assets.xcassets in Resources */ = {isa = PBXBuildFile; fileRef = 11A533DB24C206D400528DAA /* Assets.xcassets */; };
		11A533DF24C206D400528DAA /* LaunchScreen.storyboard in Resources */ = {isa = PBXBuildFile; fileRef = 11A533DD24C206D400528DAA /* LaunchScreen.storyboard */; };
		11A5340F24C20FFA00528DAA /* SplashPresenter.swift in Sources */ = {isa = PBXBuildFile; fileRef = 11A5340924C20FFA00528DAA /* SplashPresenter.swift */; };
		11A5341024C20FFA00528DAA /* SplashRouter.swift in Sources */ = {isa = PBXBuildFile; fileRef = 11A5340A24C20FFA00528DAA /* SplashRouter.swift */; };
		11A5341124C20FFA00528DAA /* SplashViewController.swift in Sources */ = {isa = PBXBuildFile; fileRef = 11A5340B24C20FFA00528DAA /* SplashViewController.swift */; };
		11A5341224C20FFA00528DAA /* SplashProtocols.swift in Sources */ = {isa = PBXBuildFile; fileRef = 11A5340C24C20FFA00528DAA /* SplashProtocols.swift */; };
		11A5341324C20FFA00528DAA /* SplashInteractor.swift in Sources */ = {isa = PBXBuildFile; fileRef = 11A5340D24C20FFA00528DAA /* SplashInteractor.swift */; };
		11A5341424C20FFA00528DAA /* SplashEntities.swift in Sources */ = {isa = PBXBuildFile; fileRef = 11A5340E24C20FFA00528DAA /* SplashEntities.swift */; };
		11A5341724C4B37B00528DAA /* main.swift in Sources */ = {isa = PBXBuildFile; fileRef = 11A5341624C4B37B00528DAA /* main.swift */; };
		11A5341A24C4BB3D00528DAA /* Coordinator.swift in Sources */ = {isa = PBXBuildFile; fileRef = 11A5341924C4BB3D00528DAA /* Coordinator.swift */; };
		11AA095225BDD2C90001F8FF /* CharacterDetailPresenter.swift in Sources */ = {isa = PBXBuildFile; fileRef = 11AA094C25BDD2C90001F8FF /* CharacterDetailPresenter.swift */; };
		11AA095325BDD2C90001F8FF /* CharacterDetailRouter.swift in Sources */ = {isa = PBXBuildFile; fileRef = 11AA094D25BDD2C90001F8FF /* CharacterDetailRouter.swift */; };
		11AA095425BDD2C90001F8FF /* CharacterDetailViewController.swift in Sources */ = {isa = PBXBuildFile; fileRef = 11AA094E25BDD2C90001F8FF /* CharacterDetailViewController.swift */; };
		11AA095525BDD2C90001F8FF /* CharacterDetailProtocols.swift in Sources */ = {isa = PBXBuildFile; fileRef = 11AA094F25BDD2C90001F8FF /* CharacterDetailProtocols.swift */; };
		11AA095625BDD2C90001F8FF /* CharacterDetailInteractor.swift in Sources */ = {isa = PBXBuildFile; fileRef = 11AA095025BDD2C90001F8FF /* CharacterDetailInteractor.swift */; };
		11AA095725BDD2C90001F8FF /* CharacterDetailEntities.swift in Sources */ = {isa = PBXBuildFile; fileRef = 11AA095125BDD2C90001F8FF /* CharacterDetailEntities.swift */; };
		11AA095D25BDD3190001F8FF /* CharacterDetailUI.swift in Sources */ = {isa = PBXBuildFile; fileRef = 11AA095C25BDD3190001F8FF /* CharacterDetailUI.swift */; };
		11AF402B24F1170C006BB256 /* HomeTableViewDataSource.swift in Sources */ = {isa = PBXBuildFile; fileRef = 11AF402A24F1170C006BB256 /* HomeTableViewDataSource.swift */; };
		11AF402D24F11A36006BB256 /* HomeTableViewDelegate.swift in Sources */ = {isa = PBXBuildFile; fileRef = 11AF402C24F11A36006BB256 /* HomeTableViewDelegate.swift */; };
		11AF403124F11AD8006BB256 /* HomeTableViewCell.swift in Sources */ = {isa = PBXBuildFile; fileRef = 11AF402F24F11AD8006BB256 /* HomeTableViewCell.swift */; };
		11AF403224F11AD8006BB256 /* HomeTableViewCell.xib in Resources */ = {isa = PBXBuildFile; fileRef = 11AF403024F11AD8006BB256 /* HomeTableViewCell.xib */; };
		11AF403424F11E00006BB256 /* UIViewExtension.swift in Sources */ = {isa = PBXBuildFile; fileRef = 11AF403324F11E00006BB256 /* UIViewExtension.swift */; };
		11AF403624F1254F006BB256 /* UIViewExtensionTest.swift in Sources */ = {isa = PBXBuildFile; fileRef = 11AF403524F1254F006BB256 /* UIViewExtensionTest.swift */; };
		11AF403824F1601C006BB256 /* UILabelExtension.swift in Sources */ = {isa = PBXBuildFile; fileRef = 11AF403724F1601C006BB256 /* UILabelExtension.swift */; };
		11AF403A24F1610A006BB256 /* UIFontExtension.swift in Sources */ = {isa = PBXBuildFile; fileRef = 11AF403924F1610A006BB256 /* UIFontExtension.swift */; };
		11AF403C24F16A1A006BB256 /* UILabelExtensionTest.swift in Sources */ = {isa = PBXBuildFile; fileRef = 11AF403B24F16A1A006BB256 /* UILabelExtensionTest.swift */; };
		11AF403E24F16B7D006BB256 /* UIFontExtensionTest.swift in Sources */ = {isa = PBXBuildFile; fileRef = 11AF403D24F16B7D006BB256 /* UIFontExtensionTest.swift */; };
		11AF404224F30BFE006BB256 /* HomeTableViewCellTest.swift in Sources */ = {isa = PBXBuildFile; fileRef = 11AF404124F30BFE006BB256 /* HomeTableViewCellTest.swift */; };
		11C888CF2561AAF000386D00 /* UIImageExtension.swift in Sources */ = {isa = PBXBuildFile; fileRef = 11C888CE2561AAF000386D00 /* UIImageExtension.swift */; };
		11C888D32561ABB000386D00 /* UIImageExtensionTest.swift in Sources */ = {isa = PBXBuildFile; fileRef = 11C888D22561ABB000386D00 /* UIImageExtensionTest.swift */; };
		11C888D72561AC5F00386D00 /* CharacterFinderTest.swift in Sources */ = {isa = PBXBuildFile; fileRef = 11C888D62561AC5E00386D00 /* CharacterFinderTest.swift */; };
		11C888DE2561ACD600386D00 /* MockCharactersCoordinator.swift in Sources */ = {isa = PBXBuildFile; fileRef = 11C888DD2561ACD600386D00 /* MockCharactersCoordinator.swift */; };
		11CBCA4F24DEB105004A90D7 /* HomePresenter.swift in Sources */ = {isa = PBXBuildFile; fileRef = 11CBCA4924DEB105004A90D7 /* HomePresenter.swift */; };
		11CBCA5024DEB105004A90D7 /* HomeRouter.swift in Sources */ = {isa = PBXBuildFile; fileRef = 11CBCA4A24DEB105004A90D7 /* HomeRouter.swift */; };
		11CBCA5124DEB105004A90D7 /* HomeViewController.swift in Sources */ = {isa = PBXBuildFile; fileRef = 11CBCA4B24DEB105004A90D7 /* HomeViewController.swift */; };
		11CBCA5224DEB105004A90D7 /* HomeProtocols.swift in Sources */ = {isa = PBXBuildFile; fileRef = 11CBCA4C24DEB105004A90D7 /* HomeProtocols.swift */; };
		11CBCA5324DEB105004A90D7 /* HomeInteractor.swift in Sources */ = {isa = PBXBuildFile; fileRef = 11CBCA4D24DEB105004A90D7 /* HomeInteractor.swift */; };
		11CBCA5424DEB105004A90D7 /* HomeEntities.swift in Sources */ = {isa = PBXBuildFile; fileRef = 11CBCA4E24DEB105004A90D7 /* HomeEntities.swift */; };
		11CBCA5624DEB11E004A90D7 /* HomeViewController.xib in Resources */ = {isa = PBXBuildFile; fileRef = 11CBCA5524DEB11E004A90D7 /* HomeViewController.xib */; };
		11CBCA5D24DEC6F6004A90D7 /* SplashTests.swift in Sources */ = {isa = PBXBuildFile; fileRef = 11CBCA5C24DEC6F6004A90D7 /* SplashTests.swift */; };
		11CBCA6324DECF25004A90D7 /* HomeTest.swift in Sources */ = {isa = PBXBuildFile; fileRef = 11CBCA6224DECF25004A90D7 /* HomeTest.swift */; };
		11CF8AEE2544989500E04D9F /* MarvelTests.swift in Sources */ = {isa = PBXBuildFile; fileRef = 11CF8AED2544989500E04D9F /* MarvelTests.swift */; };
		11CF8AF425449EE500E04D9F /* MarvelTableViewCellTests.swift in Sources */ = {isa = PBXBuildFile; fileRef = 11CF8AF325449EE500E04D9F /* MarvelTableViewCellTests.swift */; };
		11CF8AFA25449F5400E04D9F /* MarvelTableViewTests.swift in Sources */ = {isa = PBXBuildFile; fileRef = 11CF8AF925449F5400E04D9F /* MarvelTableViewTests.swift */; };
		11ECD86025584FDE002E83A2 /* CharacterFinderPresenter.swift in Sources */ = {isa = PBXBuildFile; fileRef = 11ECD85A25584FDE002E83A2 /* CharacterFinderPresenter.swift */; };
		11ECD86125584FDE002E83A2 /* CharacterFinderRouter.swift in Sources */ = {isa = PBXBuildFile; fileRef = 11ECD85B25584FDE002E83A2 /* CharacterFinderRouter.swift */; };
		11ECD86225584FDE002E83A2 /* CharacterFinderViewController.swift in Sources */ = {isa = PBXBuildFile; fileRef = 11ECD85C25584FDE002E83A2 /* CharacterFinderViewController.swift */; };
		11ECD86325584FDE002E83A2 /* CharacterFinderProtocols.swift in Sources */ = {isa = PBXBuildFile; fileRef = 11ECD85D25584FDE002E83A2 /* CharacterFinderProtocols.swift */; };
		11ECD86425584FDE002E83A2 /* CharacterFinderInteractor.swift in Sources */ = {isa = PBXBuildFile; fileRef = 11ECD85E25584FDE002E83A2 /* CharacterFinderInteractor.swift */; };
		11ECD86525584FDE002E83A2 /* CharacterFinderEntities.swift in Sources */ = {isa = PBXBuildFile; fileRef = 11ECD85F25584FDE002E83A2 /* CharacterFinderEntities.swift */; };
		11ECD870255854F1002E83A2 /* CharactersCoordinator.swift in Sources */ = {isa = PBXBuildFile; fileRef = 11ECD86F255854F1002E83A2 /* CharactersCoordinator.swift */; };
		11ECD876255857DE002E83A2 /* MarvelCoordinatorTests.swift in Sources */ = {isa = PBXBuildFile; fileRef = 11ECD875255857DE002E83A2 /* MarvelCoordinatorTests.swift */; };
		11ECD87A255859D2002E83A2 /* HomeCoordinatorTests.swift in Sources */ = {isa = PBXBuildFile; fileRef = 11ECD879255859D2002E83A2 /* HomeCoordinatorTests.swift */; };
		11ECD87F25585B38002E83A2 /* CharactersCoordinatorTests.swift in Sources */ = {isa = PBXBuildFile; fileRef = 11ECD87E25585B38002E83A2 /* CharactersCoordinatorTests.swift */; };
/* End PBXBuildFile section */

/* Begin PBXContainerItemProxy section */
		11A533E624C206D400528DAA /* PBXContainerItemProxy */ = {
			isa = PBXContainerItemProxy;
			containerPortal = 11A533C724C206D200528DAA /* Project object */;
			proxyType = 1;
			remoteGlobalIDString = 11A533CE24C206D200528DAA;
			remoteInfo = Freakapp;
		};
/* End PBXContainerItemProxy section */

/* Begin PBXFileReference section */
		110D318624FB8A4F00F1CD68 /* HomeTableViewTests.swift */ = {isa = PBXFileReference; lastKnownFileType = sourcecode.swift; path = HomeTableViewTests.swift; sourceTree = "<group>"; };
		110D318B24FB947500F1CD68 /* AppDelegateTests.swift */ = {isa = PBXFileReference; lastKnownFileType = sourcecode.swift; path = AppDelegateTests.swift; sourceTree = "<group>"; };
		110D318E24FBAA8900F1CD68 /* NetworkLayer.swift */ = {isa = PBXFileReference; lastKnownFileType = sourcecode.swift; path = NetworkLayer.swift; sourceTree = "<group>"; };
		110D319124FBB4C600F1CD68 /* NetworkLayerTests.swift */ = {isa = PBXFileReference; lastKnownFileType = sourcecode.swift; path = NetworkLayerTests.swift; sourceTree = "<group>"; };
		110D319324FBC0FC00F1CD68 /* FakeURLProtocol.swift */ = {isa = PBXFileReference; lastKnownFileType = sourcecode.swift; path = FakeURLProtocol.swift; sourceTree = "<group>"; };
		110D319724FBC12C00F1CD68 /* FakeNetworkResponses.swift */ = {isa = PBXFileReference; lastKnownFileType = sourcecode.swift; path = FakeNetworkResponses.swift; sourceTree = "<group>"; };
		1120293F254F4C21002978A5 /* TabBarCoordinatorTests.swift */ = {isa = PBXFileReference; lastKnownFileType = sourcecode.swift; path = TabBarCoordinatorTests.swift; sourceTree = "<group>"; };
		1139ED52254EE83A000093AE /* SplashCoordinator.swift */ = {isa = PBXFileReference; lastKnownFileType = sourcecode.swift; path = SplashCoordinator.swift; sourceTree = "<group>"; };
		1139ED5B254F3283000093AE /* TabBarController.swift */ = {isa = PBXFileReference; lastKnownFileType = sourcecode.swift; path = TabBarController.swift; sourceTree = "<group>"; };
		1139ED61254F32AA000093AE /* TabBarCoordinator.swift */ = {isa = PBXFileReference; lastKnownFileType = sourcecode.swift; path = TabBarCoordinator.swift; sourceTree = "<group>"; };
		1156ABD924F046C800BBD53A /* en */ = {isa = PBXFileReference; lastKnownFileType = text.plist.strings; name = en; path = en.lproj/Localizable.strings; sourceTree = "<group>"; };
		1156ABDC24F047A700BBD53A /* StringExtension.swift */ = {isa = PBXFileReference; lastKnownFileType = sourcecode.swift; path = StringExtension.swift; sourceTree = "<group>"; };
		1156ABDF24F0553F00BBD53A /* StringExtensionTest.swift */ = {isa = PBXFileReference; lastKnownFileType = sourcecode.swift; path = StringExtensionTest.swift; sourceTree = "<group>"; };
		115E379E254F33D900D9F13B /* HomeCoordinator.swift */ = {isa = PBXFileReference; lastKnownFileType = sourcecode.swift; path = HomeCoordinator.swift; sourceTree = "<group>"; };
		117DE0F1251E34E800C3729D /* MarvelViewController.swift */ = {isa = PBXFileReference; lastKnownFileType = sourcecode.swift; path = MarvelViewController.swift; sourceTree = "<group>"; };
		117DE0F2251E34E800C3729D /* MarvelViewController.xib */ = {isa = PBXFileReference; lastKnownFileType = file.xib; path = MarvelViewController.xib; sourceTree = "<group>"; };
		117DE0F7251E355300C3729D /* MarvelViewModel.swift */ = {isa = PBXFileReference; lastKnownFileType = sourcecode.swift; path = MarvelViewModel.swift; sourceTree = "<group>"; };
		117DE0FB251E357500C3729D /* MarvelModuleProtocols.swift */ = {isa = PBXFileReference; lastKnownFileType = sourcecode.swift; path = MarvelModuleProtocols.swift; sourceTree = "<group>"; };
		117DE101251E3F8400C3729D /* MarvelModel.swift */ = {isa = PBXFileReference; lastKnownFileType = sourcecode.swift; path = MarvelModel.swift; sourceTree = "<group>"; };
		117DE939254F3BB2003B04A1 /* SplashViewController.xib */ = {isa = PBXFileReference; lastKnownFileType = file.xib; path = SplashViewController.xib; sourceTree = "<group>"; };
		117DE950254F403D003B04A1 /* MarvelCoordinator.swift */ = {isa = PBXFileReference; lastKnownFileType = sourcecode.swift; path = MarvelCoordinator.swift; sourceTree = "<group>"; };
		117DE959254F4550003B04A1 /* MockMarvelCoordinator.swift */ = {isa = PBXFileReference; lastKnownFileType = sourcecode.swift; path = MockMarvelCoordinator.swift; sourceTree = "<group>"; };
		117DE960254F45F3003B04A1 /* MockHomeCoordinator.swift */ = {isa = PBXFileReference; lastKnownFileType = sourcecode.swift; path = MockHomeCoordinator.swift; sourceTree = "<group>"; };
		117DE96B254F4700003B04A1 /* MockSplashCoordinator.swift */ = {isa = PBXFileReference; lastKnownFileType = sourcecode.swift; path = MockSplashCoordinator.swift; sourceTree = "<group>"; };
		118A0BF725BDDED50024E3AF /* CharacterFinderUI.swift */ = {isa = PBXFileReference; lastKnownFileType = sourcecode.swift; path = CharacterFinderUI.swift; sourceTree = "<group>"; };
		1194E7F22544732B000AC056 /* MarvelTableDataSource.swift */ = {isa = PBXFileReference; lastKnownFileType = sourcecode.swift; path = MarvelTableDataSource.swift; sourceTree = "<group>"; };
		1194E7F625447339000AC056 /* MarvelTableDelegate.swift */ = {isa = PBXFileReference; lastKnownFileType = sourcecode.swift; path = MarvelTableDelegate.swift; sourceTree = "<group>"; };
		1194E7FA25447393000AC056 /* MarvelTableConfigurator.swift */ = {isa = PBXFileReference; lastKnownFileType = sourcecode.swift; path = MarvelTableConfigurator.swift; sourceTree = "<group>"; };
		1194E7FE254477FC000AC056 /* HomeTableConfigurator.swift */ = {isa = PBXFileReference; lastKnownFileType = sourcecode.swift; path = HomeTableConfigurator.swift; sourceTree = "<group>"; };
		1194E81625448A10000AC056 /* MarvelTableViewCell.swift */ = {isa = PBXFileReference; lastKnownFileType = sourcecode.swift; path = MarvelTableViewCell.swift; sourceTree = "<group>"; };
		1194E81725448A10000AC056 /* MarvelTableViewCell.xib */ = {isa = PBXFileReference; lastKnownFileType = file.xib; path = MarvelTableViewCell.xib; sourceTree = "<group>"; };
		119501E42530BEB7008EB28A /* ImageAsset.swift */ = {isa = PBXFileReference; lastKnownFileType = sourcecode.swift; path = ImageAsset.swift; sourceTree = "<group>"; };
		11A533CF24C206D200528DAA /* Freakapp.app */ = {isa = PBXFileReference; explicitFileType = wrapper.application; includeInIndex = 0; path = Freakapp.app; sourceTree = BUILT_PRODUCTS_DIR; };
		11A533D224C206D200528DAA /* AppDelegate.swift */ = {isa = PBXFileReference; lastKnownFileType = sourcecode.swift; path = AppDelegate.swift; sourceTree = "<group>"; };
		11A533D424C206D200528DAA /* SceneDelegate.swift */ = {isa = PBXFileReference; lastKnownFileType = sourcecode.swift; path = SceneDelegate.swift; sourceTree = "<group>"; };
		11A533DB24C206D400528DAA /* Assets.xcassets */ = {isa = PBXFileReference; lastKnownFileType = folder.assetcatalog; path = Assets.xcassets; sourceTree = "<group>"; };
		11A533DE24C206D400528DAA /* Base */ = {isa = PBXFileReference; lastKnownFileType = file.storyboard; name = Base; path = Base.lproj/LaunchScreen.storyboard; sourceTree = "<group>"; };
		11A533E024C206D400528DAA /* Info.plist */ = {isa = PBXFileReference; lastKnownFileType = text.plist.xml; path = Info.plist; sourceTree = "<group>"; };
		11A533E524C206D400528DAA /* FreakappTests.xctest */ = {isa = PBXFileReference; explicitFileType = wrapper.cfbundle; includeInIndex = 0; path = FreakappTests.xctest; sourceTree = BUILT_PRODUCTS_DIR; };
		11A533EB24C206D400528DAA /* Info.plist */ = {isa = PBXFileReference; lastKnownFileType = text.plist.xml; path = Info.plist; sourceTree = "<group>"; };
		11A5340924C20FFA00528DAA /* SplashPresenter.swift */ = {isa = PBXFileReference; lastKnownFileType = sourcecode.swift; path = SplashPresenter.swift; sourceTree = "<group>"; };
		11A5340A24C20FFA00528DAA /* SplashRouter.swift */ = {isa = PBXFileReference; lastKnownFileType = sourcecode.swift; path = SplashRouter.swift; sourceTree = "<group>"; };
		11A5340B24C20FFA00528DAA /* SplashViewController.swift */ = {isa = PBXFileReference; lastKnownFileType = sourcecode.swift; path = SplashViewController.swift; sourceTree = "<group>"; };
		11A5340C24C20FFA00528DAA /* SplashProtocols.swift */ = {isa = PBXFileReference; lastKnownFileType = sourcecode.swift; path = SplashProtocols.swift; sourceTree = "<group>"; };
		11A5340D24C20FFA00528DAA /* SplashInteractor.swift */ = {isa = PBXFileReference; lastKnownFileType = sourcecode.swift; path = SplashInteractor.swift; sourceTree = "<group>"; };
		11A5340E24C20FFA00528DAA /* SplashEntities.swift */ = {isa = PBXFileReference; lastKnownFileType = sourcecode.swift; path = SplashEntities.swift; sourceTree = "<group>"; };
		11A5341624C4B37B00528DAA /* main.swift */ = {isa = PBXFileReference; lastKnownFileType = sourcecode.swift; path = main.swift; sourceTree = "<group>"; };
		11A5341924C4BB3D00528DAA /* Coordinator.swift */ = {isa = PBXFileReference; lastKnownFileType = sourcecode.swift; path = Coordinator.swift; sourceTree = "<group>"; };
		11AA094C25BDD2C90001F8FF /* CharacterDetailPresenter.swift */ = {isa = PBXFileReference; lastKnownFileType = sourcecode.swift; path = CharacterDetailPresenter.swift; sourceTree = "<group>"; };
		11AA094D25BDD2C90001F8FF /* CharacterDetailRouter.swift */ = {isa = PBXFileReference; lastKnownFileType = sourcecode.swift; path = CharacterDetailRouter.swift; sourceTree = "<group>"; };
		11AA094E25BDD2C90001F8FF /* CharacterDetailViewController.swift */ = {isa = PBXFileReference; lastKnownFileType = sourcecode.swift; path = CharacterDetailViewController.swift; sourceTree = "<group>"; };
		11AA094F25BDD2C90001F8FF /* CharacterDetailProtocols.swift */ = {isa = PBXFileReference; lastKnownFileType = sourcecode.swift; path = CharacterDetailProtocols.swift; sourceTree = "<group>"; };
		11AA095025BDD2C90001F8FF /* CharacterDetailInteractor.swift */ = {isa = PBXFileReference; lastKnownFileType = sourcecode.swift; path = CharacterDetailInteractor.swift; sourceTree = "<group>"; };
		11AA095125BDD2C90001F8FF /* CharacterDetailEntities.swift */ = {isa = PBXFileReference; lastKnownFileType = sourcecode.swift; path = CharacterDetailEntities.swift; sourceTree = "<group>"; };
		11AA095C25BDD3190001F8FF /* CharacterDetailUI.swift */ = {isa = PBXFileReference; lastKnownFileType = sourcecode.swift; path = CharacterDetailUI.swift; sourceTree = "<group>"; };
		11AF402A24F1170C006BB256 /* HomeTableViewDataSource.swift */ = {isa = PBXFileReference; lastKnownFileType = sourcecode.swift; path = HomeTableViewDataSource.swift; sourceTree = "<group>"; };
		11AF402C24F11A36006BB256 /* HomeTableViewDelegate.swift */ = {isa = PBXFileReference; lastKnownFileType = sourcecode.swift; path = HomeTableViewDelegate.swift; sourceTree = "<group>"; };
		11AF402F24F11AD8006BB256 /* HomeTableViewCell.swift */ = {isa = PBXFileReference; lastKnownFileType = sourcecode.swift; path = HomeTableViewCell.swift; sourceTree = "<group>"; };
		11AF403024F11AD8006BB256 /* HomeTableViewCell.xib */ = {isa = PBXFileReference; lastKnownFileType = file.xib; path = HomeTableViewCell.xib; sourceTree = "<group>"; };
		11AF403324F11E00006BB256 /* UIViewExtension.swift */ = {isa = PBXFileReference; lastKnownFileType = sourcecode.swift; path = UIViewExtension.swift; sourceTree = "<group>"; };
		11AF403524F1254F006BB256 /* UIViewExtensionTest.swift */ = {isa = PBXFileReference; lastKnownFileType = sourcecode.swift; path = UIViewExtensionTest.swift; sourceTree = "<group>"; };
		11AF403724F1601C006BB256 /* UILabelExtension.swift */ = {isa = PBXFileReference; lastKnownFileType = sourcecode.swift; path = UILabelExtension.swift; sourceTree = "<group>"; };
		11AF403924F1610A006BB256 /* UIFontExtension.swift */ = {isa = PBXFileReference; lastKnownFileType = sourcecode.swift; path = UIFontExtension.swift; sourceTree = "<group>"; };
		11AF403B24F16A1A006BB256 /* UILabelExtensionTest.swift */ = {isa = PBXFileReference; lastKnownFileType = sourcecode.swift; path = UILabelExtensionTest.swift; sourceTree = "<group>"; };
		11AF403D24F16B7D006BB256 /* UIFontExtensionTest.swift */ = {isa = PBXFileReference; lastKnownFileType = sourcecode.swift; path = UIFontExtensionTest.swift; sourceTree = "<group>"; };
		11AF404124F30BFE006BB256 /* HomeTableViewCellTest.swift */ = {isa = PBXFileReference; lastKnownFileType = sourcecode.swift; path = HomeTableViewCellTest.swift; sourceTree = "<group>"; };
		11C888CE2561AAF000386D00 /* UIImageExtension.swift */ = {isa = PBXFileReference; lastKnownFileType = sourcecode.swift; path = UIImageExtension.swift; sourceTree = "<group>"; };
		11C888D22561ABB000386D00 /* UIImageExtensionTest.swift */ = {isa = PBXFileReference; lastKnownFileType = sourcecode.swift; path = UIImageExtensionTest.swift; sourceTree = "<group>"; };
		11C888D62561AC5E00386D00 /* CharacterFinderTest.swift */ = {isa = PBXFileReference; lastKnownFileType = sourcecode.swift; path = CharacterFinderTest.swift; sourceTree = "<group>"; };
		11C888DD2561ACD600386D00 /* MockCharactersCoordinator.swift */ = {isa = PBXFileReference; lastKnownFileType = sourcecode.swift; path = MockCharactersCoordinator.swift; sourceTree = "<group>"; };
		11CBCA4924DEB105004A90D7 /* HomePresenter.swift */ = {isa = PBXFileReference; lastKnownFileType = sourcecode.swift; path = HomePresenter.swift; sourceTree = "<group>"; };
		11CBCA4A24DEB105004A90D7 /* HomeRouter.swift */ = {isa = PBXFileReference; lastKnownFileType = sourcecode.swift; path = HomeRouter.swift; sourceTree = "<group>"; };
		11CBCA4B24DEB105004A90D7 /* HomeViewController.swift */ = {isa = PBXFileReference; lastKnownFileType = sourcecode.swift; path = HomeViewController.swift; sourceTree = "<group>"; };
		11CBCA4C24DEB105004A90D7 /* HomeProtocols.swift */ = {isa = PBXFileReference; lastKnownFileType = sourcecode.swift; path = HomeProtocols.swift; sourceTree = "<group>"; };
		11CBCA4D24DEB105004A90D7 /* HomeInteractor.swift */ = {isa = PBXFileReference; lastKnownFileType = sourcecode.swift; path = HomeInteractor.swift; sourceTree = "<group>"; };
		11CBCA4E24DEB105004A90D7 /* HomeEntities.swift */ = {isa = PBXFileReference; lastKnownFileType = sourcecode.swift; path = HomeEntities.swift; sourceTree = "<group>"; };
		11CBCA5524DEB11E004A90D7 /* HomeViewController.xib */ = {isa = PBXFileReference; lastKnownFileType = file.xib; path = HomeViewController.xib; sourceTree = "<group>"; };
		11CBCA5C24DEC6F6004A90D7 /* SplashTests.swift */ = {isa = PBXFileReference; lastKnownFileType = sourcecode.swift; path = SplashTests.swift; sourceTree = "<group>"; };
		11CBCA6224DECF25004A90D7 /* HomeTest.swift */ = {isa = PBXFileReference; lastKnownFileType = sourcecode.swift; path = HomeTest.swift; sourceTree = "<group>"; };
		11CF8AED2544989500E04D9F /* MarvelTests.swift */ = {isa = PBXFileReference; lastKnownFileType = sourcecode.swift; path = MarvelTests.swift; sourceTree = "<group>"; };
		11CF8AF325449EE500E04D9F /* MarvelTableViewCellTests.swift */ = {isa = PBXFileReference; lastKnownFileType = sourcecode.swift; path = MarvelTableViewCellTests.swift; sourceTree = "<group>"; };
		11CF8AF925449F5400E04D9F /* MarvelTableViewTests.swift */ = {isa = PBXFileReference; lastKnownFileType = sourcecode.swift; path = MarvelTableViewTests.swift; sourceTree = "<group>"; };
		11ECD85A25584FDE002E83A2 /* CharacterFinderPresenter.swift */ = {isa = PBXFileReference; lastKnownFileType = sourcecode.swift; path = CharacterFinderPresenter.swift; sourceTree = "<group>"; };
		11ECD85B25584FDE002E83A2 /* CharacterFinderRouter.swift */ = {isa = PBXFileReference; lastKnownFileType = sourcecode.swift; path = CharacterFinderRouter.swift; sourceTree = "<group>"; };
		11ECD85C25584FDE002E83A2 /* CharacterFinderViewController.swift */ = {isa = PBXFileReference; lastKnownFileType = sourcecode.swift; path = CharacterFinderViewController.swift; sourceTree = "<group>"; };
		11ECD85D25584FDE002E83A2 /* CharacterFinderProtocols.swift */ = {isa = PBXFileReference; lastKnownFileType = sourcecode.swift; path = CharacterFinderProtocols.swift; sourceTree = "<group>"; };
		11ECD85E25584FDE002E83A2 /* CharacterFinderInteractor.swift */ = {isa = PBXFileReference; lastKnownFileType = sourcecode.swift; path = CharacterFinderInteractor.swift; sourceTree = "<group>"; };
		11ECD85F25584FDE002E83A2 /* CharacterFinderEntities.swift */ = {isa = PBXFileReference; lastKnownFileType = sourcecode.swift; path = CharacterFinderEntities.swift; sourceTree = "<group>"; };
		11ECD86F255854F1002E83A2 /* CharactersCoordinator.swift */ = {isa = PBXFileReference; lastKnownFileType = sourcecode.swift; path = CharactersCoordinator.swift; sourceTree = "<group>"; };
		11ECD875255857DE002E83A2 /* MarvelCoordinatorTests.swift */ = {isa = PBXFileReference; lastKnownFileType = sourcecode.swift; path = MarvelCoordinatorTests.swift; sourceTree = "<group>"; };
		11ECD879255859D2002E83A2 /* HomeCoordinatorTests.swift */ = {isa = PBXFileReference; lastKnownFileType = sourcecode.swift; path = HomeCoordinatorTests.swift; sourceTree = "<group>"; };
		11ECD87E25585B38002E83A2 /* CharactersCoordinatorTests.swift */ = {isa = PBXFileReference; lastKnownFileType = sourcecode.swift; path = CharactersCoordinatorTests.swift; sourceTree = "<group>"; };
/* End PBXFileReference section */

/* Begin PBXFrameworksBuildPhase section */
		11A533CC24C206D200528DAA /* Frameworks */ = {
			isa = PBXFrameworksBuildPhase;
			buildActionMask = 2147483647;
			files = (
			);
			runOnlyForDeploymentPostprocessing = 0;
		};
		11A533E224C206D400528DAA /* Frameworks */ = {
			isa = PBXFrameworksBuildPhase;
			buildActionMask = 2147483647;
			files = (
			);
			runOnlyForDeploymentPostprocessing = 0;
		};
/* End PBXFrameworksBuildPhase section */

/* Begin PBXGroup section */
		110D318824FB944000F1CD68 /* App */ = {
			isa = PBXGroup;
			children = (
				110D318B24FB947500F1CD68 /* AppDelegateTests.swift */,
			);
			path = App;
			sourceTree = "<group>";
		};
		110D318D24FBA8EC00F1CD68 /* NetworkLayer */ = {
			isa = PBXGroup;
			children = (
				110D318E24FBAA8900F1CD68 /* NetworkLayer.swift */,
			);
			path = NetworkLayer;
			sourceTree = "<group>";
		};
		110D319024FBB4AD00F1CD68 /* NetworkLayer */ = {
			isa = PBXGroup;
			children = (
				110D319124FBB4C600F1CD68 /* NetworkLayerTests.swift */,
				110D319324FBC0FC00F1CD68 /* FakeURLProtocol.swift */,
				110D319724FBC12C00F1CD68 /* FakeNetworkResponses.swift */,
			);
			path = NetworkLayer;
			sourceTree = "<group>";
		};
		1120293E254F4BC0002978A5 /* TabBar */ = {
			isa = PBXGroup;
			children = (
				1120293F254F4C21002978A5 /* TabBarCoordinatorTests.swift */,
			);
			path = TabBar;
			sourceTree = "<group>";
		};
		1139ED5A254F3264000093AE /* TabBar */ = {
			isa = PBXGroup;
			children = (
				1139ED5B254F3283000093AE /* TabBarController.swift */,
				1139ED61254F32AA000093AE /* TabBarCoordinator.swift */,
			);
			path = TabBar;
			sourceTree = "<group>";
		};
		1156ABD524F0454900BBD53A /* Localization */ = {
			isa = PBXGroup;
			children = (
				1156ABDA24F046C800BBD53A /* Localizable.strings */,
			);
			path = Localization;
			sourceTree = "<group>";
		};
		1156ABDB24F0479800BBD53A /* Extensions */ = {
			isa = PBXGroup;
			children = (
				1156ABDC24F047A700BBD53A /* StringExtension.swift */,
				11AF403324F11E00006BB256 /* UIViewExtension.swift */,
				11AF403724F1601C006BB256 /* UILabelExtension.swift */,
				11AF403924F1610A006BB256 /* UIFontExtension.swift */,
				11C888CE2561AAF000386D00 /* UIImageExtension.swift */,
			);
			path = Extensions;
			sourceTree = "<group>";
		};
		1156ABDE24F0552A00BBD53A /* Extension */ = {
			isa = PBXGroup;
			children = (
				1156ABDF24F0553F00BBD53A /* StringExtensionTest.swift */,
				11AF403524F1254F006BB256 /* UIViewExtensionTest.swift */,
				11AF403B24F16A1A006BB256 /* UILabelExtensionTest.swift */,
				11AF403D24F16B7D006BB256 /* UIFontExtensionTest.swift */,
				11C888D22561ABB000386D00 /* UIImageExtensionTest.swift */,
			);
			path = Extension;
			sourceTree = "<group>";
		};
		115E379D254F33C800D9F13B /* Coordinator */ = {
			isa = PBXGroup;
			children = (
				115E379E254F33D900D9F13B /* HomeCoordinator.swift */,
			);
			path = Coordinator;
			sourceTree = "<group>";
		};
		115E37A2254F355200D9F13B /* Coordinator */ = {
			isa = PBXGroup;
			children = (
				1139ED52254EE83A000093AE /* SplashCoordinator.swift */,
			);
			path = Coordinator;
			sourceTree = "<group>";
		};
		117DE0E8251E32D300C3729D /* Marvel */ = {
			isa = PBXGroup;
			children = (
				117DE94F254F4026003B04A1 /* Coordinator */,
				1194E7EF25447285000AC056 /* Table */,
				117DE0F1251E34E800C3729D /* MarvelViewController.swift */,
				117DE0F7251E355300C3729D /* MarvelViewModel.swift */,
				117DE101251E3F8400C3729D /* MarvelModel.swift */,
				117DE0FB251E357500C3729D /* MarvelModuleProtocols.swift */,
				117DE0F2251E34E800C3729D /* MarvelViewController.xib */,
			);
			path = Marvel;
			sourceTree = "<group>";
		};
		117DE94F254F4026003B04A1 /* Coordinator */ = {
			isa = PBXGroup;
			children = (
				117DE950254F403D003B04A1 /* MarvelCoordinator.swift */,
			);
			path = Coordinator;
			sourceTree = "<group>";
		};
		117DE958254F4542003B04A1 /* Mocks */ = {
			isa = PBXGroup;
			children = (
				117DE959254F4550003B04A1 /* MockMarvelCoordinator.swift */,
			);
			path = Mocks;
			sourceTree = "<group>";
		};
		117DE95F254F45E7003B04A1 /* Mocks */ = {
			isa = PBXGroup;
			children = (
				117DE960254F45F3003B04A1 /* MockHomeCoordinator.swift */,
			);
			path = Mocks;
			sourceTree = "<group>";
		};
		117DE96A254F46F2003B04A1 /* Mocks */ = {
			isa = PBXGroup;
			children = (
				117DE96B254F4700003B04A1 /* MockSplashCoordinator.swift */,
			);
			path = Mocks;
			sourceTree = "<group>";
		};
		1194E7EF25447285000AC056 /* Table */ = {
			isa = PBXGroup;
			children = (
				1194E81E25448A20000AC056 /* Cells */,
				1194E7FA25447393000AC056 /* MarvelTableConfigurator.swift */,
				1194E7F22544732B000AC056 /* MarvelTableDataSource.swift */,
				1194E7F625447339000AC056 /* MarvelTableDelegate.swift */,
			);
			path = Table;
			sourceTree = "<group>";
		};
		1194E81E25448A20000AC056 /* Cells */ = {
			isa = PBXGroup;
			children = (
				1194E81625448A10000AC056 /* MarvelTableViewCell.swift */,
				1194E81725448A10000AC056 /* MarvelTableViewCell.xib */,
			);
			path = Cells;
			sourceTree = "<group>";
		};
		119501E12530BE7F008EB28A /* ImageAssets */ = {
			isa = PBXGroup;
			children = (
				11A533DB24C206D400528DAA /* Assets.xcassets */,
				119501E42530BEB7008EB28A /* ImageAsset.swift */,
			);
			path = ImageAssets;
			sourceTree = "<group>";
		};
		11A533C624C206D200528DAA = {
			isa = PBXGroup;
			children = (
				11A533D124C206D200528DAA /* Freakapp */,
				11A533E824C206D400528DAA /* FreakappTests */,
				11A533D024C206D200528DAA /* Products */,
			);
			sourceTree = "<group>";
		};
		11A533D024C206D200528DAA /* Products */ = {
			isa = PBXGroup;
			children = (
				11A533CF24C206D200528DAA /* Freakapp.app */,
				11A533E524C206D400528DAA /* FreakappTests.xctest */,
			);
			name = Products;
			sourceTree = "<group>";
		};
		11A533D124C206D200528DAA /* Freakapp */ = {
			isa = PBXGroup;
			children = (
				1156ABDB24F0479800BBD53A /* Extensions */,
				110D318D24FBA8EC00F1CD68 /* NetworkLayer */,
				11A5340824C20FAB00528DAA /* Splash */,
				11A5341824C4BB1C00528DAA /* Coordinator */,
				1139ED5A254F3264000093AE /* TabBar */,
				11ECD85825584F37002E83A2 /* Characters */,
				117DE0E8251E32D300C3729D /* Marvel */,
				11CBCA4824DEB0EE004A90D7 /* Home */,
				11A5341524C4B29000528DAA /* App */,
				1156ABD524F0454900BBD53A /* Localization */,
				119501E12530BE7F008EB28A /* ImageAssets */,
				11A533E024C206D400528DAA /* Info.plist */,
			);
			path = Freakapp;
			sourceTree = "<group>";
		};
		11A533E824C206D400528DAA /* FreakappTests */ = {
			isa = PBXGroup;
			children = (
				1156ABDE24F0552A00BBD53A /* Extension */,
				110D319024FBB4AD00F1CD68 /* NetworkLayer */,
				11CBCA5B24DEBF1A004A90D7 /* Splash */,
				1120293E254F4BC0002978A5 /* TabBar */,
				110D318824FB944000F1CD68 /* App */,
				11ECD87D25585B1B002E83A2 /* Characters */,
				11CBCA6124DECF0E004A90D7 /* Home */,
				11CF8AEC2544988000E04D9F /* Marvel */,
				11A533EB24C206D400528DAA /* Info.plist */,
			);
			path = FreakappTests;
			sourceTree = "<group>";
		};
		11A5340824C20FAB00528DAA /* Splash */ = {
			isa = PBXGroup;
			children = (
				115E37A2254F355200D9F13B /* Coordinator */,
				11A5340B24C20FFA00528DAA /* SplashViewController.swift */,
				11A5340924C20FFA00528DAA /* SplashPresenter.swift */,
				11A5340D24C20FFA00528DAA /* SplashInteractor.swift */,
				11A5340A24C20FFA00528DAA /* SplashRouter.swift */,
				11A5340C24C20FFA00528DAA /* SplashProtocols.swift */,
				11A5340E24C20FFA00528DAA /* SplashEntities.swift */,
				117DE939254F3BB2003B04A1 /* SplashViewController.xib */,
			);
			path = Splash;
			sourceTree = "<group>";
		};
		11A5341524C4B29000528DAA /* App */ = {
			isa = PBXGroup;
			children = (
				11A533D224C206D200528DAA /* AppDelegate.swift */,
				11A533D424C206D200528DAA /* SceneDelegate.swift */,
				11A5341624C4B37B00528DAA /* main.swift */,
				11A533DD24C206D400528DAA /* LaunchScreen.storyboard */,
			);
			path = App;
			sourceTree = "<group>";
		};
		11A5341824C4BB1C00528DAA /* Coordinator */ = {
			isa = PBXGroup;
			children = (
				11A5341924C4BB3D00528DAA /* Coordinator.swift */,
			);
			path = Coordinator;
			sourceTree = "<group>";
		};
		11AA094B25BDD2B00001F8FF /* Detail */ = {
			isa = PBXGroup;
			children = (
				11AA094E25BDD2C90001F8FF /* CharacterDetailViewController.swift */,
				11AA094C25BDD2C90001F8FF /* CharacterDetailPresenter.swift */,
				11AA095025BDD2C90001F8FF /* CharacterDetailInteractor.swift */,
				11AA094D25BDD2C90001F8FF /* CharacterDetailRouter.swift */,
				11AA094F25BDD2C90001F8FF /* CharacterDetailProtocols.swift */,
				11AA095125BDD2C90001F8FF /* CharacterDetailEntities.swift */,
				11AA095C25BDD3190001F8FF /* CharacterDetailUI.swift */,
			);
			path = Detail;
			sourceTree = "<group>";
		};
		11AF402924F116F8006BB256 /* Table */ = {
			isa = PBXGroup;
			children = (
				11AF402E24F11AC9006BB256 /* Cells */,
				1194E7FE254477FC000AC056 /* HomeTableConfigurator.swift */,
				11AF402A24F1170C006BB256 /* HomeTableViewDataSource.swift */,
				11AF402C24F11A36006BB256 /* HomeTableViewDelegate.swift */,
			);
			path = Table;
			sourceTree = "<group>";
		};
		11AF402E24F11AC9006BB256 /* Cells */ = {
			isa = PBXGroup;
			children = (
				11AF402F24F11AD8006BB256 /* HomeTableViewCell.swift */,
				11AF403024F11AD8006BB256 /* HomeTableViewCell.xib */,
			);
			path = Cells;
			sourceTree = "<group>";
		};
		11C888DC2561ACC900386D00 /* Mocks */ = {
			isa = PBXGroup;
			children = (
				11C888DD2561ACD600386D00 /* MockCharactersCoordinator.swift */,
			);
			path = Mocks;
			sourceTree = "<group>";
		};
		11CBCA4824DEB0EE004A90D7 /* Home */ = {
			isa = PBXGroup;
			children = (
				115E379D254F33C800D9F13B /* Coordinator */,
				11AF402924F116F8006BB256 /* Table */,
				11CBCA4B24DEB105004A90D7 /* HomeViewController.swift */,
				11CBCA4924DEB105004A90D7 /* HomePresenter.swift */,
				11CBCA4D24DEB105004A90D7 /* HomeInteractor.swift */,
				11CBCA4A24DEB105004A90D7 /* HomeRouter.swift */,
				11CBCA4C24DEB105004A90D7 /* HomeProtocols.swift */,
				11CBCA4E24DEB105004A90D7 /* HomeEntities.swift */,
				11CBCA5524DEB11E004A90D7 /* HomeViewController.xib */,
			);
			path = Home;
			sourceTree = "<group>";
		};
		11CBCA5B24DEBF1A004A90D7 /* Splash */ = {
			isa = PBXGroup;
			children = (
				117DE96A254F46F2003B04A1 /* Mocks */,
				11CBCA5C24DEC6F6004A90D7 /* SplashTests.swift */,
			);
			path = Splash;
			sourceTree = "<group>";
		};
		11CBCA6124DECF0E004A90D7 /* Home */ = {
			isa = PBXGroup;
			children = (
				117DE95F254F45E7003B04A1 /* Mocks */,
				11CBCA6224DECF25004A90D7 /* HomeTest.swift */,
				11AF404124F30BFE006BB256 /* HomeTableViewCellTest.swift */,
				110D318624FB8A4F00F1CD68 /* HomeTableViewTests.swift */,
				11ECD879255859D2002E83A2 /* HomeCoordinatorTests.swift */,
			);
			path = Home;
			sourceTree = "<group>";
		};
		11CF8AEC2544988000E04D9F /* Marvel */ = {
			isa = PBXGroup;
			children = (
				117DE958254F4542003B04A1 /* Mocks */,
				11CF8AED2544989500E04D9F /* MarvelTests.swift */,
				11CF8AF325449EE500E04D9F /* MarvelTableViewCellTests.swift */,
				11CF8AF925449F5400E04D9F /* MarvelTableViewTests.swift */,
				11ECD875255857DE002E83A2 /* MarvelCoordinatorTests.swift */,
			);
			path = Marvel;
			sourceTree = "<group>";
		};
		11ECD85825584F37002E83A2 /* Characters */ = {
			isa = PBXGroup;
			children = (
				11ECD86E255854DF002E83A2 /* Coordinator */,
				11ECD85925584F43002E83A2 /* Finder */,
				11AA094B25BDD2B00001F8FF /* Detail */,
			);
			path = Characters;
			sourceTree = "<group>";
		};
		11ECD85925584F43002E83A2 /* Finder */ = {
			isa = PBXGroup;
			children = (
				11ECD85C25584FDE002E83A2 /* CharacterFinderViewController.swift */,
				11ECD85A25584FDE002E83A2 /* CharacterFinderPresenter.swift */,
				11ECD85E25584FDE002E83A2 /* CharacterFinderInteractor.swift */,
				11ECD85B25584FDE002E83A2 /* CharacterFinderRouter.swift */,
				11ECD85D25584FDE002E83A2 /* CharacterFinderProtocols.swift */,
				11ECD85F25584FDE002E83A2 /* CharacterFinderEntities.swift */,
				118A0BF725BDDED50024E3AF /* CharacterFinderUI.swift */,
			);
			path = Finder;
			sourceTree = "<group>";
		};
		11ECD86E255854DF002E83A2 /* Coordinator */ = {
			isa = PBXGroup;
			children = (
				11ECD86F255854F1002E83A2 /* CharactersCoordinator.swift */,
			);
			path = Coordinator;
			sourceTree = "<group>";
		};
		11ECD87D25585B1B002E83A2 /* Characters */ = {
			isa = PBXGroup;
			children = (
				11C888DC2561ACC900386D00 /* Mocks */,
				11ECD87E25585B38002E83A2 /* CharactersCoordinatorTests.swift */,
				11C888D62561AC5E00386D00 /* CharacterFinderTest.swift */,
			);
			path = Characters;
			sourceTree = "<group>";
		};
/* End PBXGroup section */

/* Begin PBXNativeTarget section */
		11A533CE24C206D200528DAA /* Freakapp */ = {
			isa = PBXNativeTarget;
			buildConfigurationList = 11A533EE24C206D400528DAA /* Build configuration list for PBXNativeTarget "Freakapp" */;
			buildPhases = (
				11A533CB24C206D200528DAA /* Sources */,
				11A533CC24C206D200528DAA /* Frameworks */,
				11A533CD24C206D200528DAA /* Resources */,
			);
			buildRules = (
			);
			dependencies = (
			);
			name = Freakapp;
			productName = Freakapp;
			productReference = 11A533CF24C206D200528DAA /* Freakapp.app */;
			productType = "com.apple.product-type.application";
		};
		11A533E424C206D400528DAA /* FreakappTests */ = {
			isa = PBXNativeTarget;
			buildConfigurationList = 11A533F124C206D400528DAA /* Build configuration list for PBXNativeTarget "FreakappTests" */;
			buildPhases = (
				11A533E124C206D400528DAA /* Sources */,
				11A533E224C206D400528DAA /* Frameworks */,
				11A533E324C206D400528DAA /* Resources */,
			);
			buildRules = (
			);
			dependencies = (
				11A533E724C206D400528DAA /* PBXTargetDependency */,
			);
			name = FreakappTests;
			productName = FreakappTests;
			productReference = 11A533E524C206D400528DAA /* FreakappTests.xctest */;
			productType = "com.apple.product-type.bundle.unit-test";
		};
/* End PBXNativeTarget section */

/* Begin PBXProject section */
		11A533C724C206D200528DAA /* Project object */ = {
			isa = PBXProject;
			attributes = {
				LastSwiftUpdateCheck = 1150;
				LastUpgradeCheck = 1230;
				ORGANIZATIONNAME = adria.engineer.ios;
				TargetAttributes = {
					11A533CE24C206D200528DAA = {
						CreatedOnToolsVersion = 11.5;
					};
					11A533E424C206D400528DAA = {
						CreatedOnToolsVersion = 11.5;
						TestTargetID = 11A533CE24C206D200528DAA;
					};
				};
			};
			buildConfigurationList = 11A533CA24C206D200528DAA /* Build configuration list for PBXProject "Freakapp" */;
			compatibilityVersion = "Xcode 9.3";
			developmentRegion = en;
			hasScannedForEncodings = 0;
			knownRegions = (
				en,
				Base,
			);
			mainGroup = 11A533C624C206D200528DAA;
			productRefGroup = 11A533D024C206D200528DAA /* Products */;
			projectDirPath = "";
			projectRoot = "";
			targets = (
				11A533CE24C206D200528DAA /* Freakapp */,
				11A533E424C206D400528DAA /* FreakappTests */,
			);
		};
/* End PBXProject section */

/* Begin PBXResourcesBuildPhase section */
		11A533CD24C206D200528DAA /* Resources */ = {
			isa = PBXResourcesBuildPhase;
			buildActionMask = 2147483647;
			files = (
				1194E81925448A10000AC056 /* MarvelTableViewCell.xib in Resources */,
				11CBCA5624DEB11E004A90D7 /* HomeViewController.xib in Resources */,
				1156ABD824F046C800BBD53A /* Localizable.strings in Resources */,
				117DE93A254F3BB2003B04A1 /* SplashViewController.xib in Resources */,
				117DE0F4251E34E800C3729D /* MarvelViewController.xib in Resources */,
				11A533DF24C206D400528DAA /* LaunchScreen.storyboard in Resources */,
				11AF403224F11AD8006BB256 /* HomeTableViewCell.xib in Resources */,
				11A533DC24C206D400528DAA /* Assets.xcassets in Resources */,
			);
			runOnlyForDeploymentPostprocessing = 0;
		};
		11A533E324C206D400528DAA /* Resources */ = {
			isa = PBXResourcesBuildPhase;
			buildActionMask = 2147483647;
			files = (
			);
			runOnlyForDeploymentPostprocessing = 0;
		};
/* End PBXResourcesBuildPhase section */

/* Begin PBXSourcesBuildPhase section */
		11A533CB24C206D200528DAA /* Sources */ = {
			isa = PBXSourcesBuildPhase;
			buildActionMask = 2147483647;
			files = (
				1194E81825448A10000AC056 /* MarvelTableViewCell.swift in Sources */,
				11AA095325BDD2C90001F8FF /* CharacterDetailRouter.swift in Sources */,
				119501E52530BEB7008EB28A /* ImageAsset.swift in Sources */,
				11ECD870255854F1002E83A2 /* CharactersCoordinator.swift in Sources */,
				11AA095525BDD2C90001F8FF /* CharacterDetailProtocols.swift in Sources */,
				11ECD86325584FDE002E83A2 /* CharacterFinderProtocols.swift in Sources */,
				11CBCA5224DEB105004A90D7 /* HomeProtocols.swift in Sources */,
				1194E7FF254477FC000AC056 /* HomeTableConfigurator.swift in Sources */,
				11A5341424C20FFA00528DAA /* SplashEntities.swift in Sources */,
				1194E7FB25447393000AC056 /* MarvelTableConfigurator.swift in Sources */,
				11ECD86025584FDE002E83A2 /* CharacterFinderPresenter.swift in Sources */,
				11AF403424F11E00006BB256 /* UIViewExtension.swift in Sources */,
				1139ED53254EE83A000093AE /* SplashCoordinator.swift in Sources */,
				11C888CF2561AAF000386D00 /* UIImageExtension.swift in Sources */,
				115E379F254F33D900D9F13B /* HomeCoordinator.swift in Sources */,
				11AF403824F1601C006BB256 /* UILabelExtension.swift in Sources */,
				11A5341124C20FFA00528DAA /* SplashViewController.swift in Sources */,
				1139ED62254F32AA000093AE /* TabBarCoordinator.swift in Sources */,
				117DE0FC251E357500C3729D /* MarvelModuleProtocols.swift in Sources */,
				11AA095225BDD2C90001F8FF /* CharacterDetailPresenter.swift in Sources */,
				117DE951254F403D003B04A1 /* MarvelCoordinator.swift in Sources */,
				1194E7F725447339000AC056 /* MarvelTableDelegate.swift in Sources */,
				11AA095D25BDD3190001F8FF /* CharacterDetailUI.swift in Sources */,
				11ECD86225584FDE002E83A2 /* CharacterFinderViewController.swift in Sources */,
				110D318F24FBAA8900F1CD68 /* NetworkLayer.swift in Sources */,
				11A5341A24C4BB3D00528DAA /* Coordinator.swift in Sources */,
				11CBCA4F24DEB105004A90D7 /* HomePresenter.swift in Sources */,
				117DE102251E3F8400C3729D /* MarvelModel.swift in Sources */,
				11ECD86425584FDE002E83A2 /* CharacterFinderInteractor.swift in Sources */,
				11A5341724C4B37B00528DAA /* main.swift in Sources */,
				11A533D324C206D200528DAA /* AppDelegate.swift in Sources */,
				11A5341224C20FFA00528DAA /* SplashProtocols.swift in Sources */,
				11AF403A24F1610A006BB256 /* UIFontExtension.swift in Sources */,
				11CBCA5124DEB105004A90D7 /* HomeViewController.swift in Sources */,
				11ECD86125584FDE002E83A2 /* CharacterFinderRouter.swift in Sources */,
				11AF403124F11AD8006BB256 /* HomeTableViewCell.swift in Sources */,
				117DE0F8251E355300C3729D /* MarvelViewModel.swift in Sources */,
				11A5341024C20FFA00528DAA /* SplashRouter.swift in Sources */,
				11AA095625BDD2C90001F8FF /* CharacterDetailInteractor.swift in Sources */,
				11A533D524C206D200528DAA /* SceneDelegate.swift in Sources */,
				11AA095725BDD2C90001F8FF /* CharacterDetailEntities.swift in Sources */,
				118A0BF825BDDED50024E3AF /* CharacterFinderUI.swift in Sources */,
				11AF402B24F1170C006BB256 /* HomeTableViewDataSource.swift in Sources */,
				11CBCA5024DEB105004A90D7 /* HomeRouter.swift in Sources */,
				11A5340F24C20FFA00528DAA /* SplashPresenter.swift in Sources */,
				1194E7F32544732B000AC056 /* MarvelTableDataSource.swift in Sources */,
				1156ABDD24F047A700BBD53A /* StringExtension.swift in Sources */,
				11CBCA5424DEB105004A90D7 /* HomeEntities.swift in Sources */,
				1139ED5C254F3283000093AE /* TabBarController.swift in Sources */,
				11AF402D24F11A36006BB256 /* HomeTableViewDelegate.swift in Sources */,
				11AA095425BDD2C90001F8FF /* CharacterDetailViewController.swift in Sources */,
				11A5341324C20FFA00528DAA /* SplashInteractor.swift in Sources */,
				117DE0F3251E34E800C3729D /* MarvelViewController.swift in Sources */,
				11CBCA5324DEB105004A90D7 /* HomeInteractor.swift in Sources */,
				11ECD86525584FDE002E83A2 /* CharacterFinderEntities.swift in Sources */,
			);
			runOnlyForDeploymentPostprocessing = 0;
		};
		11A533E124C206D400528DAA /* Sources */ = {
			isa = PBXSourcesBuildPhase;
			buildActionMask = 2147483647;
			files = (
				110D318724FB8A4F00F1CD68 /* HomeTableViewTests.swift in Sources */,
				11C888D72561AC5F00386D00 /* CharacterFinderTest.swift in Sources */,
				11C888DE2561ACD600386D00 /* MockCharactersCoordinator.swift in Sources */,
				11AF403624F1254F006BB256 /* UIViewExtensionTest.swift in Sources */,
				11C888D32561ABB000386D00 /* UIImageExtensionTest.swift in Sources */,
				11ECD87A255859D2002E83A2 /* HomeCoordinatorTests.swift in Sources */,
				11CF8AF425449EE500E04D9F /* MarvelTableViewCellTests.swift in Sources */,
				117DE95A254F4550003B04A1 /* MockMarvelCoordinator.swift in Sources */,
				11CF8AFA25449F5400E04D9F /* MarvelTableViewTests.swift in Sources */,
				1156ABE024F0553F00BBD53A /* StringExtensionTest.swift in Sources */,
				11AF404224F30BFE006BB256 /* HomeTableViewCellTest.swift in Sources */,
				11CF8AEE2544989500E04D9F /* MarvelTests.swift in Sources */,
				11AF403C24F16A1A006BB256 /* UILabelExtensionTest.swift in Sources */,
				110D319424FBC0FC00F1CD68 /* FakeURLProtocol.swift in Sources */,
				117DE961254F45F3003B04A1 /* MockHomeCoordinator.swift in Sources */,
				11CBCA5D24DEC6F6004A90D7 /* SplashTests.swift in Sources */,
				11CBCA6324DECF25004A90D7 /* HomeTest.swift in Sources */,
				11ECD87F25585B38002E83A2 /* CharactersCoordinatorTests.swift in Sources */,
				11ECD876255857DE002E83A2 /* MarvelCoordinatorTests.swift in Sources */,
				11AF403E24F16B7D006BB256 /* UIFontExtensionTest.swift in Sources */,
				117DE96C254F4700003B04A1 /* MockSplashCoordinator.swift in Sources */,
				110D319824FBC12C00F1CD68 /* FakeNetworkResponses.swift in Sources */,
				11202940254F4C21002978A5 /* TabBarCoordinatorTests.swift in Sources */,
				110D319224FBB4C600F1CD68 /* NetworkLayerTests.swift in Sources */,
				110D318C24FB947500F1CD68 /* AppDelegateTests.swift in Sources */,
			);
			runOnlyForDeploymentPostprocessing = 0;
		};
/* End PBXSourcesBuildPhase section */

/* Begin PBXTargetDependency section */
		11A533E724C206D400528DAA /* PBXTargetDependency */ = {
			isa = PBXTargetDependency;
			target = 11A533CE24C206D200528DAA /* Freakapp */;
			targetProxy = 11A533E624C206D400528DAA /* PBXContainerItemProxy */;
		};
/* End PBXTargetDependency section */

/* Begin PBXVariantGroup section */
		1156ABDA24F046C800BBD53A /* Localizable.strings */ = {
			isa = PBXVariantGroup;
			children = (
				1156ABD924F046C800BBD53A /* en */,
			);
			name = Localizable.strings;
			sourceTree = "<group>";
		};
		11A533DD24C206D400528DAA /* LaunchScreen.storyboard */ = {
			isa = PBXVariantGroup;
			children = (
				11A533DE24C206D400528DAA /* Base */,
			);
			name = LaunchScreen.storyboard;
			sourceTree = "<group>";
		};
/* End PBXVariantGroup section */

/* Begin XCBuildConfiguration section */
		11A533EC24C206D400528DAA /* Debug */ = {
			isa = XCBuildConfiguration;
			buildSettings = {
				ALWAYS_SEARCH_USER_PATHS = NO;
				CLANG_ANALYZER_NONNULL = YES;
				CLANG_ANALYZER_NUMBER_OBJECT_CONVERSION = YES_AGGRESSIVE;
				CLANG_CXX_LANGUAGE_STANDARD = "gnu++14";
				CLANG_CXX_LIBRARY = "libc++";
				CLANG_ENABLE_MODULES = YES;
				CLANG_ENABLE_OBJC_ARC = YES;
				CLANG_ENABLE_OBJC_WEAK = YES;
				CLANG_WARN_BLOCK_CAPTURE_AUTORELEASING = YES;
				CLANG_WARN_BOOL_CONVERSION = YES;
				CLANG_WARN_COMMA = YES;
				CLANG_WARN_CONSTANT_CONVERSION = YES;
				CLANG_WARN_DEPRECATED_OBJC_IMPLEMENTATIONS = YES;
				CLANG_WARN_DIRECT_OBJC_ISA_USAGE = YES_ERROR;
				CLANG_WARN_DOCUMENTATION_COMMENTS = YES;
				CLANG_WARN_EMPTY_BODY = YES;
				CLANG_WARN_ENUM_CONVERSION = YES;
				CLANG_WARN_INFINITE_RECURSION = YES;
				CLANG_WARN_INT_CONVERSION = YES;
				CLANG_WARN_NON_LITERAL_NULL_CONVERSION = YES;
				CLANG_WARN_OBJC_IMPLICIT_RETAIN_SELF = YES;
				CLANG_WARN_OBJC_LITERAL_CONVERSION = YES;
				CLANG_WARN_OBJC_ROOT_CLASS = YES_ERROR;
				CLANG_WARN_QUOTED_INCLUDE_IN_FRAMEWORK_HEADER = YES;
				CLANG_WARN_RANGE_LOOP_ANALYSIS = YES;
				CLANG_WARN_STRICT_PROTOTYPES = YES;
				CLANG_WARN_SUSPICIOUS_MOVE = YES;
				CLANG_WARN_UNGUARDED_AVAILABILITY = YES_AGGRESSIVE;
				CLANG_WARN_UNREACHABLE_CODE = YES;
				CLANG_WARN__DUPLICATE_METHOD_MATCH = YES;
				COPY_PHASE_STRIP = NO;
				DEBUG_INFORMATION_FORMAT = dwarf;
				ENABLE_STRICT_OBJC_MSGSEND = YES;
				ENABLE_TESTABILITY = YES;
				GCC_C_LANGUAGE_STANDARD = gnu11;
				GCC_DYNAMIC_NO_PIC = NO;
				GCC_NO_COMMON_BLOCKS = YES;
				GCC_OPTIMIZATION_LEVEL = 0;
				GCC_PREPROCESSOR_DEFINITIONS = (
					"DEBUG=1",
					"$(inherited)",
				);
				GCC_WARN_64_TO_32_BIT_CONVERSION = YES;
				GCC_WARN_ABOUT_RETURN_TYPE = YES_ERROR;
				GCC_WARN_UNDECLARED_SELECTOR = YES;
				GCC_WARN_UNINITIALIZED_AUTOS = YES_AGGRESSIVE;
				GCC_WARN_UNUSED_FUNCTION = YES;
				GCC_WARN_UNUSED_VARIABLE = YES;
				IPHONEOS_DEPLOYMENT_TARGET = 13.5;
				MTL_ENABLE_DEBUG_INFO = INCLUDE_SOURCE;
				MTL_FAST_MATH = YES;
				ONLY_ACTIVE_ARCH = YES;
				SDKROOT = iphoneos;
				SWIFT_ACTIVE_COMPILATION_CONDITIONS = DEBUG;
				SWIFT_OPTIMIZATION_LEVEL = "-Onone";
			};
			name = Debug;
		};
		11A533ED24C206D400528DAA /* Release */ = {
			isa = XCBuildConfiguration;
			buildSettings = {
				ALWAYS_SEARCH_USER_PATHS = NO;
				CLANG_ANALYZER_NONNULL = YES;
				CLANG_ANALYZER_NUMBER_OBJECT_CONVERSION = YES_AGGRESSIVE;
				CLANG_CXX_LANGUAGE_STANDARD = "gnu++14";
				CLANG_CXX_LIBRARY = "libc++";
				CLANG_ENABLE_MODULES = YES;
				CLANG_ENABLE_OBJC_ARC = YES;
				CLANG_ENABLE_OBJC_WEAK = YES;
				CLANG_WARN_BLOCK_CAPTURE_AUTORELEASING = YES;
				CLANG_WARN_BOOL_CONVERSION = YES;
				CLANG_WARN_COMMA = YES;
				CLANG_WARN_CONSTANT_CONVERSION = YES;
				CLANG_WARN_DEPRECATED_OBJC_IMPLEMENTATIONS = YES;
				CLANG_WARN_DIRECT_OBJC_ISA_USAGE = YES_ERROR;
				CLANG_WARN_DOCUMENTATION_COMMENTS = YES;
				CLANG_WARN_EMPTY_BODY = YES;
				CLANG_WARN_ENUM_CONVERSION = YES;
				CLANG_WARN_INFINITE_RECURSION = YES;
				CLANG_WARN_INT_CONVERSION = YES;
				CLANG_WARN_NON_LITERAL_NULL_CONVERSION = YES;
				CLANG_WARN_OBJC_IMPLICIT_RETAIN_SELF = YES;
				CLANG_WARN_OBJC_LITERAL_CONVERSION = YES;
				CLANG_WARN_OBJC_ROOT_CLASS = YES_ERROR;
				CLANG_WARN_QUOTED_INCLUDE_IN_FRAMEWORK_HEADER = YES;
				CLANG_WARN_RANGE_LOOP_ANALYSIS = YES;
				CLANG_WARN_STRICT_PROTOTYPES = YES;
				CLANG_WARN_SUSPICIOUS_MOVE = YES;
				CLANG_WARN_UNGUARDED_AVAILABILITY = YES_AGGRESSIVE;
				CLANG_WARN_UNREACHABLE_CODE = YES;
				CLANG_WARN__DUPLICATE_METHOD_MATCH = YES;
				COPY_PHASE_STRIP = NO;
				DEBUG_INFORMATION_FORMAT = "dwarf-with-dsym";
				ENABLE_NS_ASSERTIONS = NO;
				ENABLE_STRICT_OBJC_MSGSEND = YES;
				GCC_C_LANGUAGE_STANDARD = gnu11;
				GCC_NO_COMMON_BLOCKS = YES;
				GCC_WARN_64_TO_32_BIT_CONVERSION = YES;
				GCC_WARN_ABOUT_RETURN_TYPE = YES_ERROR;
				GCC_WARN_UNDECLARED_SELECTOR = YES;
				GCC_WARN_UNINITIALIZED_AUTOS = YES_AGGRESSIVE;
				GCC_WARN_UNUSED_FUNCTION = YES;
				GCC_WARN_UNUSED_VARIABLE = YES;
				IPHONEOS_DEPLOYMENT_TARGET = 13.5;
				MTL_ENABLE_DEBUG_INFO = NO;
				MTL_FAST_MATH = YES;
				SDKROOT = iphoneos;
				SWIFT_COMPILATION_MODE = wholemodule;
				SWIFT_OPTIMIZATION_LEVEL = "-O";
				VALIDATE_PRODUCT = YES;
			};
			name = Release;
		};
		11A533EF24C206D400528DAA /* Debug */ = {
			isa = XCBuildConfiguration;
			buildSettings = {
				ASSETCATALOG_COMPILER_APPICON_NAME = AppIcon;
				CODE_SIGN_STYLE = Automatic;
				DEVELOPMENT_TEAM = JGR9WTFVLU;
				INFOPLIST_FILE = Freakapp/Info.plist;
				LD_RUNPATH_SEARCH_PATHS = (
					"$(inherited)",
					"@executable_path/Frameworks",
				);
				MARKETING_VERSION = 1.0.0;
				PRODUCT_BUNDLE_IDENTIFIER = adria.engineer.ios.Freakapp;
				PRODUCT_NAME = "$(TARGET_NAME)";
				SWIFT_VERSION = 5.0;
				TARGETED_DEVICE_FAMILY = "1,2";
			};
			name = Debug;
		};
		11A533F024C206D400528DAA /* Release */ = {
			isa = XCBuildConfiguration;
			buildSettings = {
				ASSETCATALOG_COMPILER_APPICON_NAME = AppIcon;
				CODE_SIGN_STYLE = Automatic;
				DEVELOPMENT_TEAM = JGR9WTFVLU;
				INFOPLIST_FILE = Freakapp/Info.plist;
				LD_RUNPATH_SEARCH_PATHS = (
					"$(inherited)",
					"@executable_path/Frameworks",
				);
				MARKETING_VERSION = 1.0.0;
				PRODUCT_BUNDLE_IDENTIFIER = adria.engineer.ios.Freakapp;
				PRODUCT_NAME = "$(TARGET_NAME)";
				SWIFT_VERSION = 5.0;
				TARGETED_DEVICE_FAMILY = "1,2";
			};
			name = Release;
		};
		11A533F224C206D400528DAA /* Debug */ = {
			isa = XCBuildConfiguration;
			buildSettings = {
				ALWAYS_EMBED_SWIFT_STANDARD_LIBRARIES = YES;
				BUNDLE_LOADER = "$(TEST_HOST)";
				CODE_SIGN_STYLE = Automatic;
				DEVELOPMENT_TEAM = JGR9WTFVLU;
				INFOPLIST_FILE = FreakappTests/Info.plist;
				IPHONEOS_DEPLOYMENT_TARGET = 13.5;
				LD_RUNPATH_SEARCH_PATHS = (
					"$(inherited)",
					"@executable_path/Frameworks",
					"@loader_path/Frameworks",
				);
				PRODUCT_BUNDLE_IDENTIFIER = adria.engineer.ios.FreakappTests;
				PRODUCT_NAME = "$(TARGET_NAME)";
				SWIFT_VERSION = 5.0;
				TARGETED_DEVICE_FAMILY = "1,2";
				TEST_HOST = "$(BUILT_PRODUCTS_DIR)/Freakapp.app/Freakapp";
			};
			name = Debug;
		};
		11A533F324C206D400528DAA /* Release */ = {
			isa = XCBuildConfiguration;
			buildSettings = {
				ALWAYS_EMBED_SWIFT_STANDARD_LIBRARIES = YES;
				BUNDLE_LOADER = "$(TEST_HOST)";
				CODE_SIGN_STYLE = Automatic;
				DEVELOPMENT_TEAM = JGR9WTFVLU;
				INFOPLIST_FILE = FreakappTests/Info.plist;
				IPHONEOS_DEPLOYMENT_TARGET = 13.5;
				LD_RUNPATH_SEARCH_PATHS = (
					"$(inherited)",
					"@executable_path/Frameworks",
					"@loader_path/Frameworks",
				);
				PRODUCT_BUNDLE_IDENTIFIER = adria.engineer.ios.FreakappTests;
				PRODUCT_NAME = "$(TARGET_NAME)";
				SWIFT_VERSION = 5.0;
				TARGETED_DEVICE_FAMILY = "1,2";
				TEST_HOST = "$(BUILT_PRODUCTS_DIR)/Freakapp.app/Freakapp";
			};
			name = Release;
		};
/* End XCBuildConfiguration section */

/* Begin XCConfigurationList section */
		11A533CA24C206D200528DAA /* Build configuration list for PBXProject "Freakapp" */ = {
			isa = XCConfigurationList;
			buildConfigurations = (
				11A533EC24C206D400528DAA /* Debug */,
				11A533ED24C206D400528DAA /* Release */,
			);
			defaultConfigurationIsVisible = 0;
			defaultConfigurationName = Release;
		};
		11A533EE24C206D400528DAA /* Build configuration list for PBXNativeTarget "Freakapp" */ = {
			isa = XCConfigurationList;
			buildConfigurations = (
				11A533EF24C206D400528DAA /* Debug */,
				11A533F024C206D400528DAA /* Release */,
			);
			defaultConfigurationIsVisible = 0;
			defaultConfigurationName = Release;
		};
		11A533F124C206D400528DAA /* Build configuration list for PBXNativeTarget "FreakappTests" */ = {
			isa = XCConfigurationList;
			buildConfigurations = (
				11A533F224C206D400528DAA /* Debug */,
				11A533F324C206D400528DAA /* Release */,
			);
			defaultConfigurationIsVisible = 0;
			defaultConfigurationName = Release;
		};
/* End XCConfigurationList section */
	};
	rootObject = 11A533C724C206D200528DAA /* Project object */;
}
